
Microsoft Visual Studio Solution File, Format Version 12.00
# Visual Studio Version 17
VisualStudioVersion = 17.1.32319.34
MinimumVisualStudioVersion = 10.0.40219.1
Project("{FAE04EC0-301F-11D3-BF4B-00C04F79EFBC}") = "NJsonSchema.Sample", "NJsonSchema.Sample.csproj", "{6FFAEB0E-EA41-4E9B-9AC9-E5D5A1E26EB3}"
EndProject
Global
	GlobalSection(SolutionConfigurationPlatforms) = preSolution
		Debug|Any CPU = Debug|Any CPU
		Release|Any CPU = Release|Any CPU
	EndGlobalSection
	GlobalSection(ProjectConfigurationPlatforms) = postSolution
		{6FFAEB0E-EA41-4E9B-9AC9-E5D5A1E26EB3}.Debug|Any CPU.ActiveCfg = Debug|Any CPU
		{6FFAEB0E-EA41-4E9B-9AC9-E5D5A1E26EB3}.Debug|Any CPU.Build.0 = Debug|Any CPU
		{6FFAEB0E-EA41-4E9B-9AC9-E5D5A1E26EB3}.Release|Any CPU.ActiveCfg = Release|Any CPU
		{6FFAEB0E-EA41-4E9B-9AC9-E5D5A1E26EB3}.Release|Any CPU.Build.0 = Release|Any CPU
	EndGlobalSection
	GlobalSection(SolutionProperties) = preSolution
		HideSolutionNode = FALSE
	EndGlobalSection
	GlobalSection(ExtensibilityGlobals) = postSolution
		SolutionGuid = {8F11863E-C9D2-4DAD-9D99-E12EA0BEDF98}
	EndGlobalSection
EndGlobal
